// !$*UTF8*$!
{
	archiveVersion = 1;
	classes = {
	};
	objectVersion = 56;
	objects = {

/* Begin PBXBuildFile section */
		CC3C0EF32A6A5A3600E19BC4 /* DeepLinksApp.swift in Sources */ = {isa = PBXBuildFile; fileRef = CC3C0EF22A6A5A3600E19BC4 /* DeepLinksApp.swift */; };
		CC3C0EF52A6A5A3600E19BC4 /* CountryListView.swift in Sources */ = {isa = PBXBuildFile; fileRef = CC3C0EF42A6A5A3600E19BC4 /* CountryListView.swift */; };
		CC3C0EF72A6A5A3700E19BC4 /* Assets.xcassets in Resources */ = {isa = PBXBuildFile; fileRef = CC3C0EF62A6A5A3700E19BC4 /* Assets.xcassets */; };
		CC3C0EFA2A6A5A3700E19BC4 /* Preview Assets.xcassets in Resources */ = {isa = PBXBuildFile; fileRef = CC3C0EF92A6A5A3700E19BC4 /* Preview Assets.xcassets */; };
		CC3C0F012A6A5A8A00E19BC4 /* Models.swift in Sources */ = {isa = PBXBuildFile; fileRef = CC3C0F002A6A5A8A00E19BC4 /* Models.swift */; };
		CC3C0F032A6A5C7500E19BC4 /* CountryView.swift in Sources */ = {isa = PBXBuildFile; fileRef = CC3C0F022A6A5C7500E19BC4 /* CountryView.swift */; };
		CC3C0F052A6BA2D900E19BC4 /* CityView.swift in Sources */ = {isa = PBXBuildFile; fileRef = CC3C0F042A6BA2D900E19BC4 /* CityView.swift */; };
		CC3C0F072A6BA58C00E19BC4 /* Router.swift in Sources */ = {isa = PBXBuildFile; fileRef = CC3C0F062A6BA58C00E19BC4 /* Router.swift */; };
/* End PBXBuildFile section */

/* Begin PBXFileReference section */
		CC3C0EEF2A6A5A3600E19BC4 /* DeepLinks.app */ = {isa = PBXFileReference; explicitFileType = wrapper.application; includeInIndex = 0; path = DeepLinks.app; sourceTree = BUILT_PRODUCTS_DIR; };
		CC3C0EF22A6A5A3600E19BC4 /* DeepLinksApp.swift */ = {isa = PBXFileReference; lastKnownFileType = sourcecode.swift; path = DeepLinksApp.swift; sourceTree = "<group>"; };
		CC3C0EF42A6A5A3600E19BC4 /* CountryListView.swift */ = {isa = PBXFileReference; lastKnownFileType = sourcecode.swift; path = CountryListView.swift; sourceTree = "<group>"; };
		CC3C0EF62A6A5A3700E19BC4 /* Assets.xcassets */ = {isa = PBXFileReference; lastKnownFileType = folder.assetcatalog; path = Assets.xcassets; sourceTree = "<group>"; };
		CC3C0EF92A6A5A3700E19BC4 /* Preview Assets.xcassets */ = {isa = PBXFileReference; lastKnownFileType = folder.assetcatalog; path = "Preview Assets.xcassets"; sourceTree = "<group>"; };
		CC3C0F002A6A5A8A00E19BC4 /* Models.swift */ = {isa = PBXFileReference; lastKnownFileType = sourcecode.swift; path = Models.swift; sourceTree = "<group>"; };
		CC3C0F022A6A5C7500E19BC4 /* CountryView.swift */ = {isa = PBXFileReference; lastKnownFileType = sourcecode.swift; path = CountryView.swift; sourceTree = "<group>"; };
		CC3C0F042A6BA2D900E19BC4 /* CityView.swift */ = {isa = PBXFileReference; lastKnownFileType = sourcecode.swift; path = CityView.swift; sourceTree = "<group>"; };
		CC3C0F062A6BA58C00E19BC4 /* Router.swift */ = {isa = PBXFileReference; lastKnownFileType = sourcecode.swift; path = Router.swift; sourceTree = "<group>"; };
		CC3C0F082A6BA6B500E19BC4 /* Info.plist */ = {isa = PBXFileReference; lastKnownFileType = text.plist; path = Info.plist; sourceTree = "<group>"; };
/* End PBXFileReference section */

/* Begin PBXFrameworksBuildPhase section */
		CC3C0EEC2A6A5A3600E19BC4 /* Frameworks */ = {
			isa = PBXFrameworksBuildPhase;
			buildActionMask = 2147483647;
			files = (
			);
			runOnlyForDeploymentPostprocessing = 0;
		};
/* End PBXFrameworksBuildPhase section */

/* Begin PBXGroup section */
		CC3C0EE62A6A5A3600E19BC4 = {
			isa = PBXGroup;
			children = (
				CC3C0EF12A6A5A3600E19BC4 /* DeepLinks */,
				CC3C0EF02A6A5A3600E19BC4 /* Products */,
			);
			sourceTree = "<group>";
		};
		CC3C0EF02A6A5A3600E19BC4 /* Products */ = {
			isa = PBXGroup;
			children = (
				CC3C0EEF2A6A5A3600E19BC4 /* DeepLinks.app */,
			);
			name = Products;
			sourceTree = "<group>";
		};
		CC3C0EF12A6A5A3600E19BC4 /* DeepLinks */ = {
			isa = PBXGroup;
			children = (
				CC3C0F082A6BA6B500E19BC4 /* Info.plist */,
				CC3C0EF22A6A5A3600E19BC4 /* DeepLinksApp.swift */,
				CC3C0EF42A6A5A3600E19BC4 /* CountryListView.swift */,
				CC3C0F022A6A5C7500E19BC4 /* CountryView.swift */,
				CC3C0F042A6BA2D900E19BC4 /* CityView.swift */,
				CC3C0F002A6A5A8A00E19BC4 /* Models.swift */,
				CC3C0F062A6BA58C00E19BC4 /* Router.swift */,
				CC3C0EF62A6A5A3700E19BC4 /* Assets.xcassets */,
				CC3C0EF82A6A5A3700E19BC4 /* Preview Content */,
			);
			path = DeepLinks;
			sourceTree = "<group>";
		};
		CC3C0EF82A6A5A3700E19BC4 /* Preview Content */ = {
			isa = PBXGroup;
			children = (
				CC3C0EF92A6A5A3700E19BC4 /* Preview Assets.xcassets */,
			);
			path = "Preview Content";
			sourceTree = "<group>";
		};
/* End PBXGroup section */

/* Begin PBXNativeTarget section */
		CC3C0EEE2A6A5A3600E19BC4 /* DeepLinks */ = {
			isa = PBXNativeTarget;
			buildConfigurationList = CC3C0EFD2A6A5A3700E19BC4 /* Build configuration list for PBXNativeTarget "DeepLinks" */;
			buildPhases = (
				CC3C0EEB2A6A5A3600E19BC4 /* Sources */,
				CC3C0EEC2A6A5A3600E19BC4 /* Frameworks */,
				CC3C0EED2A6A5A3600E19BC4 /* Resources */,
			);
			buildRules = (
			);
			dependencies = (
			);
			name = DeepLinks;
			productName = DeepLinks;
			productReference = CC3C0EEF2A6A5A3600E19BC4 /* DeepLinks.app */;
			productType = "com.apple.product-type.application";
		};
/* End PBXNativeTarget section */

/* Begin PBXProject section */
		CC3C0EE72A6A5A3600E19BC4 /* Project object */ = {
			isa = PBXProject;
			attributes = {
				BuildIndependentTargetsInParallel = 1;
				LastSwiftUpdateCheck = 1430;
				LastUpgradeCheck = 1430;
				TargetAttributes = {
					CC3C0EEE2A6A5A3600E19BC4 = {
						CreatedOnToolsVersion = 14.3;
					};
				};
			};
			buildConfigurationList = CC3C0EEA2A6A5A3600E19BC4 /* Build configuration list for PBXProject "DeepLinks" */;
			compatibilityVersion = "Xcode 14.0";
			developmentRegion = en;
			hasScannedForEncodings = 0;
			knownRegions = (
				en,
				Base,
			);
			mainGroup = CC3C0EE62A6A5A3600E19BC4;
			productRefGroup = CC3C0EF02A6A5A3600E19BC4 /* Products */;
			projectDirPath = "";
			projectRoot = "";
			targets = (
				CC3C0EEE2A6A5A3600E19BC4 /* DeepLinks */,
			);
		};
/* End PBXProject section */

/* Begin PBXResourcesBuildPhase section */
		CC3C0EED2A6A5A3600E19BC4 /* Resources */ = {
			isa = PBXResourcesBuildPhase;
			buildActionMask = 2147483647;
			files = (
				CC3C0EFA2A6A5A3700E19BC4 /* Preview Assets.xcassets in Resources */,
				CC3C0EF72A6A5A3700E19BC4 /* Assets.xcassets in Resources */,
			);
			runOnlyForDeploymentPostprocessing = 0;
		};
/* End PBXResourcesBuildPhase section */

/* Begin PBXSourcesBuildPhase section */
		CC3C0EEB2A6A5A3600E19BC4 /* Sources */ = {
			isa = PBXSourcesBuildPhase;
			buildActionMask = 2147483647;
			files = (
				CC3C0F012A6A5A8A00E19BC4 /* Models.swift in Sources */,
				CC3C0F052A6BA2D900E19BC4 /* CityView.swift in Sources */,
				CC3C0EF52A6A5A3600E19BC4 /* CountryListView.swift in Sources */,
				CC3C0EF32A6A5A3600E19BC4 /* DeepLinksApp.swift in Sources */,
				CC3C0F072A6BA58C00E19BC4 /* Router.swift in Sources */,
				CC3C0F032A6A5C7500E19BC4 /* CountryView.swift in Sources */,
			);
			runOnlyForDeploymentPostprocessing = 0;
		};
/* End PBXSourcesBuildPhase section */

/* Begin XCBuildConfiguration section */
		CC3C0EFB2A6A5A3700E19BC4 /* Debug */ = {
			isa = XCBuildConfiguration;
			buildSettings = {
				ALWAYS_SEARCH_USER_PATHS = NO;
				CLANG_ANALYZER_NONNULL = YES;
				CLANG_ANALYZER_NUMBER_OBJECT_CONVERSION = YES_AGGRESSIVE;
				CLANG_CXX_LANGUAGE_STANDARD = "gnu++20";
				CLANG_ENABLE_MODULES = YES;
				CLANG_ENABLE_OBJC_ARC = YES;
				CLANG_ENABLE_OBJC_WEAK = YES;
				CLANG_WARN_BLOCK_CAPTURE_AUTORELEASING = YES;
				CLANG_WARN_BOOL_CONVERSION = YES;
				CLANG_WARN_COMMA = YES;
				CLANG_WARN_CONSTANT_CONVERSION = YES;
				CLANG_WARN_DEPRECATED_OBJC_IMPLEMENTATIONS = YES;
				CLANG_WARN_DIRECT_OBJC_ISA_USAGE = YES_ERROR;
				CLANG_WARN_DOCUMENTATION_COMMENTS = YES;
				CLANG_WARN_EMPTY_BODY = YES;
				CLANG_WARN_ENUM_CONVERSION = YES;
				CLANG_WARN_INFINITE_RECURSION = YES;
				CLANG_WARN_INT_CONVERSION = YES;
				CLANG_WARN_NON_LITERAL_NULL_CONVERSION = YES;
				CLANG_WARN_OBJC_IMPLICIT_RETAIN_SELF = YES;
				CLANG_WARN_OBJC_LITERAL_CONVERSION = YES;
				CLANG_WARN_OBJC_ROOT_CLASS = YES_ERROR;
				CLANG_WARN_QUOTED_INCLUDE_IN_FRAMEWORK_HEADER = YES;
				CLANG_WARN_RANGE_LOOP_ANALYSIS = YES;
				CLANG_WARN_STRICT_PROTOTYPES = YES;
				CLANG_WARN_SUSPICIOUS_MOVE = YES;
				CLANG_WARN_UNGUARDED_AVAILABILITY = YES_AGGRESSIVE;
				CLANG_WARN_UNREACHABLE_CODE = YES;
				CLANG_WARN__DUPLICATE_METHOD_MATCH = YES;
				COPY_PHASE_STRIP = NO;
				DEBUG_INFORMATION_FORMAT = dwarf;
				ENABLE_STRICT_OBJC_MSGSEND = YES;
				ENABLE_TESTABILITY = YES;
				GCC_C_LANGUAGE_STANDARD = gnu11;
				GCC_DYNAMIC_NO_PIC = NO;
				GCC_NO_COMMON_BLOCKS = YES;
				GCC_OPTIMIZATION_LEVEL = 0;
				GCC_PREPROCESSOR_DEFINITIONS = (
					"DEBUG=1",
					"$(inherited)",
				);
				GCC_WARN_64_TO_32_BIT_CONVERSION = YES;
				GCC_WARN_ABOUT_RETURN_TYPE = YES_ERROR;
				GCC_WARN_UNDECLARED_SELECTOR = YES;
				GCC_WARN_UNINITIALIZED_AUTOS = YES_AGGRESSIVE;
				GCC_WARN_UNUSED_FUNCTION = YES;
				GCC_WARN_UNUSED_VARIABLE = YES;
				IPHONEOS_DEPLOYMENT_TARGET = 16.4;
				MTL_ENABLE_DEBUG_INFO = INCLUDE_SOURCE;
				MTL_FAST_MATH = YES;
				ONLY_ACTIVE_ARCH = YES;
				SDKROOT = iphoneos;
				SWIFT_ACTIVE_COMPILATION_CONDITIONS = DEBUG;
				SWIFT_OPTIMIZATION_LEVEL = "-Onone";
			};
			name = Debug;
		};
		CC3C0EFC2A6A5A3700E19BC4 /* Release */ = {
			isa = XCBuildConfiguration;
			buildSettings = {
				ALWAYS_SEARCH_USER_PATHS = NO;
				CLANG_ANALYZER_NONNULL = YES;
				CLANG_ANALYZER_NUMBER_OBJECT_CONVERSION = YES_AGGRESSIVE;
				CLANG_CXX_LANGUAGE_STANDARD = "gnu++20";
				CLANG_ENABLE_MODULES = YES;
				CLANG_ENABLE_OBJC_ARC = YES;
				CLANG_ENABLE_OBJC_WEAK = YES;
				CLANG_WARN_BLOCK_CAPTURE_AUTORELEASING = YES;
				CLANG_WARN_BOOL_CONVERSION = YES;
				CLANG_WARN_COMMA = YES;
				CLANG_WARN_CONSTANT_CONVERSION = YES;
				CLANG_WARN_DEPRECATED_OBJC_IMPLEMENTATIONS = YES;
				CLANG_WARN_DIRECT_OBJC_ISA_USAGE = YES_ERROR;
				CLANG_WARN_DOCUMENTATION_COMMENTS = YES;
				CLANG_WARN_EMPTY_BODY = YES;
				CLANG_WARN_ENUM_CONVERSION = YES;
				CLANG_WARN_INFINITE_RECURSION = YES;
				CLANG_WARN_INT_CONVERSION = YES;
				CLANG_WARN_NON_LITERAL_NULL_CONVERSION = YES;
				CLANG_WARN_OBJC_IMPLICIT_RETAIN_SELF = YES;
				CLANG_WARN_OBJC_LITERAL_CONVERSION = YES;
				CLANG_WARN_OBJC_ROOT_CLASS = YES_ERROR;
				CLANG_WARN_QUOTED_INCLUDE_IN_FRAMEWORK_HEADER = YES;
				CLANG_WARN_RANGE_LOOP_ANALYSIS = YES;
				CLANG_WARN_STRICT_PROTOTYPES = YES;
				CLANG_WARN_SUSPICIOUS_MOVE = YES;
				CLANG_WARN_UNGUARDED_AVAILABILITY = YES_AGGRESSIVE;
				CLANG_WARN_UNREACHABLE_CODE = YES;
				CLANG_WARN__DUPLICATE_METHOD_MATCH = YES;
				COPY_PHASE_STRIP = NO;
				DEBUG_INFORMATION_FORMAT = "dwarf-with-dsym";
				ENABLE_NS_ASSERTIONS = NO;
				ENABLE_STRICT_OBJC_MSGSEND = YES;
				GCC_C_LANGUAGE_STANDARD = gnu11;
				GCC_NO_COMMON_BLOCKS = YES;
				GCC_WARN_64_TO_32_BIT_CONVERSION = YES;
				GCC_WARN_ABOUT_RETURN_TYPE = YES_ERROR;
				GCC_WARN_UNDECLARED_SELECTOR = YES;
				GCC_WARN_UNINITIALIZED_AUTOS = YES_AGGRESSIVE;
				GCC_WARN_UNUSED_FUNCTION = YES;
				GCC_WARN_UNUSED_VARIABLE = YES;
				IPHONEOS_DEPLOYMENT_TARGET = 16.4;
				MTL_ENABLE_DEBUG_INFO = NO;
				MTL_FAST_MATH = YES;
				SDKROOT = iphoneos;
				SWIFT_COMPILATION_MODE = wholemodule;
				SWIFT_OPTIMIZATION_LEVEL = "-O";
				VALIDATE_PRODUCT = YES;
			};
			name = Release;
		};
		CC3C0EFE2A6A5A3700E19BC4 /* Debug */ = {
			isa = XCBuildConfiguration;
			buildSettings = {
				ASSETCATALOG_COMPILER_APPICON_NAME = AppIcon;
				ASSETCATALOG_COMPILER_GLOBAL_ACCENT_COLOR_NAME = AccentColor;
				CODE_SIGN_STYLE = Automatic;
				CURRENT_PROJECT_VERSION = 1;
				DEVELOPMENT_ASSET_PATHS = "\"DeepLinks/Preview Content\"";
				ENABLE_PREVIEWS = YES;
				GENERATE_INFOPLIST_FILE = YES;
				INFOPLIST_FILE = DeepLinks/Info.plist;
				INFOPLIST_KEY_UIApplicationSceneManifest_Generation = YES;
				INFOPLIST_KEY_UIApplicationSupportsIndirectInputEvents = YES;
				INFOPLIST_KEY_UILaunchScreen_Generation = YES;
				INFOPLIST_KEY_UISupportedInterfaceOrientations_iPad = "UIInterfaceOrientationPortrait UIInterfaceOrientationPortraitUpsideDown UIInterfaceOrientationLandscapeLeft UIInterfaceOrientationLandscapeRight";
				INFOPLIST_KEY_UISupportedInterfaceOrientations_iPhone = "UIInterfaceOrientationPortrait UIInterfaceOrientationLandscapeLeft UIInterfaceOrientationLandscapeRight";
				LD_RUNPATH_SEARCH_PATHS = (
					"$(inherited)",
					"@executable_path/Frameworks",
				);
				MARKETING_VERSION = 1.0;
				PRODUCT_BUNDLE_IDENTIFIER = com.dva.DeepLinks;
				PRODUCT_NAME = "$(TARGET_NAME)";
				SWIFT_EMIT_LOC_STRINGS = YES;
				SWIFT_VERSION = 5.0;
				TARGETED_DEVICE_FAMILY = "1,2";
			};
			name = Debug;
		};
		CC3C0EFF2A6A5A3700E19BC4 /* Release */ = {
			isa = XCBuildConfiguration;
			buildSettings = {
				ASSETCATALOG_COMPILER_APPICON_NAME = AppIcon;
				ASSETCATALOG_COMPILER_GLOBAL_ACCENT_COLOR_NAME = AccentColor;
				CODE_SIGN_STYLE = Automatic;
				CURRENT_PROJECT_VERSION = 1;
				DEVELOPMENT_ASSET_PATHS = "\"DeepLinks/Preview Content\"";
				ENABLE_PREVIEWS = YES;
				GENERATE_INFOPLIST_FILE = YES;
				INFOPLIST_FILE = DeepLinks/Info.plist;
				INFOPLIST_KEY_UIApplicationSceneManifest_Generation = YES;
				INFOPLIST_KEY_UIApplicationSupportsIndirectInputEvents = YES;
				INFOPLIST_KEY_UILaunchScreen_Generation = YES;
				INFOPLIST_KEY_UISupportedInterfaceOrientations_iPad = "UIInterfaceOrientationPortrait UIInterfaceOrientationPortraitUpsideDown UIInterfaceOrientationLandscapeLeft UIInterfaceOrientationLandscapeRight";
				INFOPLIST_KEY_UISupportedInterfaceOrientations_iPhone = "UIInterfaceOrientationPortrait UIInterfaceOrientationLandscapeLeft UIInterfaceOrientationLandscapeRight";
				LD_RUNPATH_SEARCH_PATHS = (
					"$(inherited)",
					"@executable_path/Frameworks",
				);
				MARKETING_VERSION = 1.0;
				PRODUCT_BUNDLE_IDENTIFIER = com.dva.DeepLinks;
				PRODUCT_NAME = "$(TARGET_NAME)";
				SWIFT_EMIT_LOC_STRINGS = YES;
				SWIFT_VERSION = 5.0;
				TARGETED_DEVICE_FAMILY = "1,2";
			};
			name = Release;
		};
/* End XCBuildConfiguration section */

/* Begin XCConfigurationList section */
		CC3C0EEA2A6A5A3600E19BC4 /* Build configuration list for PBXProject "DeepLinks" */ = {
			isa = XCConfigurationList;
			buildConfigurations = (
				CC3C0EFB2A6A5A3700E19BC4 /* Debug */,
				CC3C0EFC2A6A5A3700E19BC4 /* Release */,
			);
			defaultConfigurationIsVisible = 0;
			defaultConfigurationName = Release;
		};
		CC3C0EFD2A6A5A3700E19BC4 /* Build configuration list for PBXNativeTarget "DeepLinks" */ = {
			isa = XCConfigurationList;
			buildConfigurations = (
				CC3C0EFE2A6A5A3700E19BC4 /* Debug */,
				CC3C0EFF2A6A5A3700E19BC4 /* Release */,
			);
			defaultConfigurationIsVisible = 0;
			defaultConfigurationName = Release;
		};
/* End XCConfigurationList section */
	};
	rootObject = CC3C0EE72A6A5A3600E19BC4 /* Project object */;
}
